<Solution>
  <Folder Name="/src/">
    <Project Path="src/AmarisTurnos.Api/AmarisTurnos.Api.csproj" />
    <Project Path="src/AmarisTurnos.Application/AmarisTurnos.Application.csproj" />
    <Project Path="src/AmarisTurnos.Domain/AmarisTurnos.Domain.csproj" />
    <Project Path="src/AmarisTurnos.Infrastructure/AmarisTurnos.Infrastructure.csproj" />
  </Folder>
  <Folder Name="/tests/">
    <Project Path="tests/AmarisTurnos.Application.Tests/AmarisTurnos.Application.Tests.csproj" />
  </Folder>
</Solution>
